
Microsoft Visual Studio Solution File, Format Version 12.00
# Visual Studio Version 17
VisualStudioVersion = 17.14.36429.23 d17.14
MinimumVisualStudioVersion = 10.0.40219.1
Project("{8BC9CEB8-8B4A-11D0-8D11-00A0C91BC942}") = "9.16o", "9.16o\9.16o.vcxproj", "{428AAC80-9F27-45C3-8779-A62EBF0816DD}"
EndProject
Global
	GlobalSection(SolutionConfigurationPlatforms) = preSolution
		Debug|x64 = Debug|x64
		Debug|x86 = Debug|x86
		Release|x64 = Release|x64
		Release|x86 = Release|x86
	EndGlobalSection
	GlobalSection(ProjectConfigurationPlatforms) = postSolution
		{428AAC80-9F27-45C3-8779-A62EBF0816DD}.Debug|x64.ActiveCfg = Debug|x64
		{428AAC80-9F27-45C3-8779-A62EBF0816DD}.Debug|x64.Build.0 = Debug|x64
		{428AAC80-9F27-45C3-8779-A62EBF0816DD}.Debug|x86.ActiveCfg = Debug|Win32
		{428AAC80-9F27-45C3-8779-A62EBF0816DD}.Debug|x86.Build.0 = Debug|Win32
		{428AAC80-9F27-45C3-8779-A62EBF0816DD}.Release|x64.ActiveCfg = Release|x64
		{428AAC80-9F27-45C3-8779-A62EBF0816DD}.Release|x64.Build.0 = Release|x64
		{428AAC80-9F27-45C3-8779-A62EBF0816DD}.Release|x86.ActiveCfg = Release|Win32
		{428AAC80-9F27-45C3-8779-A62EBF0816DD}.Release|x86.Build.0 = Release|Win32
	EndGlobalSection
	GlobalSection(SolutionProperties) = preSolution
		HideSolutionNode = FALSE
	EndGlobalSection
	GlobalSection(ExtensibilityGlobals) = postSolution
		SolutionGuid = {2DEF7915-3E95-4F2B-93B0-71A39365F2DE}
	EndGlobalSection
EndGlobal
